
Microsoft Visual Studio Solution File, Format Version 12.00
# Visual Studio Version 16
VisualStudioVersion = 16.0.30907.101
MinimumVisualStudioVersion = 10.0.40219.1
Project("{FAE04EC0-301F-11D3-BF4B-00C04F79EFBC}") = "RestaurantRaterMVC", "RestaurantRaterMVC\RestaurantRaterMVC.csproj", "{F7D372A9-44E0-4EAA-B4BC-5098716E9963}"
EndProject
Global
	GlobalSection(SolutionConfigurationPlatforms) = preSolution
		Debug|Any CPU = Debug|Any CPU
		Release|Any CPU = Release|Any CPU
	EndGlobalSection
	GlobalSection(ProjectConfigurationPlatforms) = postSolution
		{F7D372A9-44E0-4EAA-B4BC-5098716E9963}.Debug|Any CPU.ActiveCfg = Debug|Any CPU
		{F7D372A9-44E0-4EAA-B4BC-5098716E9963}.Debug|Any CPU.Build.0 = Debug|Any CPU
		{F7D372A9-44E0-4EAA-B4BC-5098716E9963}.Release|Any CPU.ActiveCfg = Release|Any CPU
		{F7D372A9-44E0-4EAA-B4BC-5098716E9963}.Release|Any CPU.Build.0 = Release|Any CPU
	EndGlobalSection
	GlobalSection(SolutionProperties) = preSolution
		HideSolutionNode = FALSE
	EndGlobalSection
	GlobalSection(ExtensibilityGlobals) = postSolution
		SolutionGuid = {347C914B-FB18-40F9-876B-3C3D66673708}
	EndGlobalSection
EndGlobal
